
Microsoft Visual Studio Solution File, Format Version 12.00
# Visual Studio Version 17
VisualStudioVersion = 17.4.33110.190
MinimumVisualStudioVersion = 10.0.40219.1
Project("{888888A0-9F3D-457C-B088-3A5042F75D52}") = "Phishing Website Django", "Phishing Website Django\Phishing Website Django.pyproj", "{0E154A3D-4965-4F97-A238-D68760E57621}"
EndProject
Global
	GlobalSection(SolutionConfigurationPlatforms) = preSolution
		Debug|Any CPU = Debug|Any CPU
		Release|Any CPU = Release|Any CPU
	EndGlobalSection
	GlobalSection(ProjectConfigurationPlatforms) = postSolution
		{0E154A3D-4965-4F97-A238-D68760E57621}.Debug|Any CPU.ActiveCfg = Debug|Any CPU
		{0E154A3D-4965-4F97-A238-D68760E57621}.Debug|Any CPU.Build.0 = Debug|Any CPU
		{0E154A3D-4965-4F97-A238-D68760E57621}.Release|Any CPU.ActiveCfg = Release|Any CPU
		{0E154A3D-4965-4F97-A238-D68760E57621}.Release|Any CPU.Build.0 = Release|Any CPU
	EndGlobalSection
	GlobalSection(SolutionProperties) = preSolution
		HideSolutionNode = FALSE
	EndGlobalSection
	GlobalSection(ExtensibilityGlobals) = postSolution
		SolutionGuid = {03D70110-53D5-4292-8B39-8890BF247F8A}
	EndGlobalSection
EndGlobal
